
Microsoft Visual Studio Solution File, Format Version 12.00
# Visual Studio Version 17
VisualStudioVersion = 17.9.34701.34
MinimumVisualStudioVersion = 10.0.40219.1
Project("{FAE04EC0-301F-11D3-BF4B-00C04F79EFBC}") = "LoginApp", "LoginApp\LoginApp.csproj", "{C640E992-315E-42C1-8961-8D5020D9C8AA}"
EndProject
Global
	GlobalSection(SolutionConfigurationPlatforms) = preSolution
		Debug|Any CPU = Debug|Any CPU
		Release|Any CPU = Release|Any CPU
	EndGlobalSection
	GlobalSection(ProjectConfigurationPlatforms) = postSolution
		{C640E992-315E-42C1-8961-8D5020D9C8AA}.Debug|Any CPU.ActiveCfg = Debug|Any CPU
		{C640E992-315E-42C1-8961-8D5020D9C8AA}.Debug|Any CPU.Build.0 = Debug|Any CPU
		{C640E992-315E-42C1-8961-8D5020D9C8AA}.Release|Any CPU.ActiveCfg = Release|Any CPU
		{C640E992-315E-42C1-8961-8D5020D9C8AA}.Release|Any CPU.Build.0 = Release|Any CPU
	EndGlobalSection
	GlobalSection(SolutionProperties) = preSolution
		HideSolutionNode = FALSE
	EndGlobalSection
	GlobalSection(ExtensibilityGlobals) = postSolution
		SolutionGuid = {9C205D13-6D90-4795-A892-CD2CF87AC93F}
	EndGlobalSection
EndGlobal
